
Microsoft Visual Studio Solution File, Format Version 12.00
# Visual Studio Version 17
VisualStudioVersion = 17.0.31903.59
MinimumVisualStudioVersion = 10.0.40219.1
Project("{FAE04EC0-301F-11D3-BF4B-00C04F79EFBC}") = "AnotherDSHL", "AnotherDSHL.csproj", "{D6B10DC2-7977-46B3-8B6F-1EAB0582B207}"
EndProject
Project("{2150E333-8FDC-42A3-9474-1A3956D46DE8}") = "installer", "installer", "{460ABEE3-BF23-4F29-9079-E332F7ED9225}"
EndProject
Project("{2150E333-8FDC-42A3-9474-1A3956D46DE8}") = "src", "src", "{612979E0-DC93-463B-825D-8F44A0A30BAE}"
EndProject
Project("{FAE04EC0-301F-11D3-BF4B-00C04F79EFBC}") = "Installer.Core", "installer\src\Installer.Core\Installer.Core.csproj", "{5C0EB405-0A7D-45EB-BC45-18DC38ED50C7}"
EndProject
Project("{FAE04EC0-301F-11D3-BF4B-00C04F79EFBC}") = "Installer.WinUI", "installer\src\Installer.WinUI\Installer.WinUI.csproj", "{7C5DE565-F6EE-4461-A840-B781C5DEEC45}"
EndProject
Project("{FAE04EC0-301F-11D3-BF4B-00C04F79EFBC}") = "Installer.Smoke", "installer\tests\Installer.Smoke.csproj", "{F8E43F37-7E3F-448D-9058-AAABD2AC7EC1}"
EndProject
Global
	GlobalSection(SolutionConfigurationPlatforms) = preSolution
		Debug|Any CPU = Debug|Any CPU
		Release|Any CPU = Release|Any CPU
	EndGlobalSection
	GlobalSection(SolutionProperties) = preSolution
		HideSolutionNode = FALSE
	EndGlobalSection
	GlobalSection(ProjectConfigurationPlatforms) = postSolution
		{D6B10DC2-7977-46B3-8B6F-1EAB0582B207}.Debug|Any CPU.ActiveCfg = Debug|x86
		{D6B10DC2-7977-46B3-8B6F-1EAB0582B207}.Debug|Any CPU.Build.0 = Debug|x86
		{D6B10DC2-7977-46B3-8B6F-1EAB0582B207}.Release|Any CPU.ActiveCfg = Release|x86
		{D6B10DC2-7977-46B3-8B6F-1EAB0582B207}.Release|Any CPU.Build.0 = Release|x86
		{5C0EB405-0A7D-45EB-BC45-18DC38ED50C7}.Debug|Any CPU.ActiveCfg = Debug|Any CPU
		{5C0EB405-0A7D-45EB-BC45-18DC38ED50C7}.Debug|Any CPU.Build.0 = Debug|Any CPU
		{5C0EB405-0A7D-45EB-BC45-18DC38ED50C7}.Release|Any CPU.ActiveCfg = Release|Any CPU
		{5C0EB405-0A7D-45EB-BC45-18DC38ED50C7}.Release|Any CPU.Build.0 = Release|Any CPU
		{7C5DE565-F6EE-4461-A840-B781C5DEEC45}.Debug|Any CPU.ActiveCfg = Debug|x64
		{7C5DE565-F6EE-4461-A840-B781C5DEEC45}.Debug|Any CPU.Build.0 = Debug|x64
		{7C5DE565-F6EE-4461-A840-B781C5DEEC45}.Release|Any CPU.ActiveCfg = Release|x64
		{7C5DE565-F6EE-4461-A840-B781C5DEEC45}.Release|Any CPU.Build.0 = Release|x64
		{F8E43F37-7E3F-448D-9058-AAABD2AC7EC1}.Debug|Any CPU.ActiveCfg = Debug|Any CPU
		{F8E43F37-7E3F-448D-9058-AAABD2AC7EC1}.Debug|Any CPU.Build.0 = Debug|Any CPU
		{F8E43F37-7E3F-448D-9058-AAABD2AC7EC1}.Release|Any CPU.ActiveCfg = Release|Any CPU
		{F8E43F37-7E3F-448D-9058-AAABD2AC7EC1}.Release|Any CPU.Build.0 = Release|Any CPU
	EndGlobalSection
	GlobalSection(NestedProjects) = preSolution
		{612979E0-DC93-463B-825D-8F44A0A30BAE} = {460ABEE3-BF23-4F29-9079-E332F7ED9225}
		{5C0EB405-0A7D-45EB-BC45-18DC38ED50C7} = {612979E0-DC93-463B-825D-8F44A0A30BAE}
		{7C5DE565-F6EE-4461-A840-B781C5DEEC45} = {612979E0-DC93-463B-825D-8F44A0A30BAE}
		{F8E43F37-7E3F-448D-9058-AAABD2AC7EC1} = {460ABEE3-BF23-4F29-9079-E332F7ED9225}
	EndGlobalSection
EndGlobal
